
Microsoft Visual Studio Solution File, Format Version 12.00
# Visual Studio 15
VisualStudioVersion = 15.0.28307.572
MinimumVisualStudioVersion = 10.0.40219.1
Project("{FAE04EC0-301F-11D3-BF4B-00C04F79EFBC}") = "Lab9", "Lab9\Lab9.csproj", "{DCC84B48-1FEC-4B6F-B654-D0AF48B2ADAD}"
EndProject
Global
	GlobalSection(SolutionConfigurationPlatforms) = preSolution
		Debug|Any CPU = Debug|Any CPU
		Release|Any CPU = Release|Any CPU
	EndGlobalSection
	GlobalSection(ProjectConfigurationPlatforms) = postSolution
		{DCC84B48-1FEC-4B6F-B654-D0AF48B2ADAD}.Debug|Any CPU.ActiveCfg = Debug|Any CPU
		{DCC84B48-1FEC-4B6F-B654-D0AF48B2ADAD}.Debug|Any CPU.Build.0 = Debug|Any CPU
		{DCC84B48-1FEC-4B6F-B654-D0AF48B2ADAD}.Release|Any CPU.ActiveCfg = Release|Any CPU
		{DCC84B48-1FEC-4B6F-B654-D0AF48B2ADAD}.Release|Any CPU.Build.0 = Release|Any CPU
	EndGlobalSection
	GlobalSection(SolutionProperties) = preSolution
		HideSolutionNode = FALSE
	EndGlobalSection
	GlobalSection(ExtensibilityGlobals) = postSolution
		SolutionGuid = {7933D303-6159-47E3-8FED-9C4D2E90DD54}
	EndGlobalSection
EndGlobal
